
Microsoft Visual Studio Solution File, Format Version 12.00
# Visual Studio Version 16
VisualStudioVersion = 16.6.30114.105
MinimumVisualStudioVersion = 10.0.40219.1
Project("{FAE04EC0-301F-11D3-BF4B-00C04F79EFBC}") = "R5T.D0107.A001", "R5T.D0107.A001\R5T.D0107.A001.csproj", "{F68B45C1-5682-4828-8CE1-22BE8D1F3463}"
EndProject
Project("{FAE04EC0-301F-11D3-BF4B-00C04F79EFBC}") = "R5T.D0107.I001", "R5T.D0107.I001\R5T.D0107.I001.csproj", "{08F8FD4B-464A-476D-9503-CF72F9521BD5}"
EndProject
Project("{FAE04EC0-301F-11D3-BF4B-00C04F79EFBC}") = "R5T.D0107.Base", "R5T.D0107.Base\R5T.D0107.Base.csproj", "{6E537EEA-EE34-4FCC-9B5E-1A6DF4F22F04}"
EndProject
Project("{2150E333-8FDC-42A3-9474-1A3956D46DE8}") = "_Dependencies", "_Dependencies", "{7FC32B07-894F-4AD9-947E-CED7F6D99B2D}"
EndProject
Project("{FAE04EC0-301F-11D3-BF4B-00C04F79EFBC}") = "R5T.Dacia.Extensions", "..\..\R5T.Dacia.Extensions\source\R5T.Dacia.Extensions\R5T.Dacia.Extensions.csproj", "{9381D574-BEB4-4065-B561-325EBFB07ED6}"
EndProject
Project("{FAE04EC0-301F-11D3-BF4B-00C04F79EFBC}") = "R5T.Dacia.T002", "..\..\R5T.Dacia\source\R5T.Dacia.T002\R5T.Dacia.T002.csproj", "{99030C0E-84C7-4EFC-82CB-2C997ACD2CD8}"
EndProject
Global
	GlobalSection(SolutionConfigurationPlatforms) = preSolution
		Debug|Any CPU = Debug|Any CPU
		Debug|x64 = Debug|x64
		Debug|x86 = Debug|x86
		Release|Any CPU = Release|Any CPU
		Release|x64 = Release|x64
		Release|x86 = Release|x86
	EndGlobalSection
	GlobalSection(SolutionProperties) = preSolution
		HideSolutionNode = FALSE
	EndGlobalSection
	GlobalSection(ProjectConfigurationPlatforms) = postSolution
		{F68B45C1-5682-4828-8CE1-22BE8D1F3463}.Debug|Any CPU.ActiveCfg = Debug|Any CPU
		{F68B45C1-5682-4828-8CE1-22BE8D1F3463}.Debug|Any CPU.Build.0 = Debug|Any CPU
		{F68B45C1-5682-4828-8CE1-22BE8D1F3463}.Debug|x64.ActiveCfg = Debug|Any CPU
		{F68B45C1-5682-4828-8CE1-22BE8D1F3463}.Debug|x64.Build.0 = Debug|Any CPU
		{F68B45C1-5682-4828-8CE1-22BE8D1F3463}.Debug|x86.ActiveCfg = Debug|Any CPU
		{F68B45C1-5682-4828-8CE1-22BE8D1F3463}.Debug|x86.Build.0 = Debug|Any CPU
		{F68B45C1-5682-4828-8CE1-22BE8D1F3463}.Release|Any CPU.ActiveCfg = Release|Any CPU
		{F68B45C1-5682-4828-8CE1-22BE8D1F3463}.Release|Any CPU.Build.0 = Release|Any CPU
		{F68B45C1-5682-4828-8CE1-22BE8D1F3463}.Release|x64.ActiveCfg = Release|Any CPU
		{F68B45C1-5682-4828-8CE1-22BE8D1F3463}.Release|x64.Build.0 = Release|Any CPU
		{F68B45C1-5682-4828-8CE1-22BE8D1F3463}.Release|x86.ActiveCfg = Release|Any CPU
		{F68B45C1-5682-4828-8CE1-22BE8D1F3463}.Release|x86.Build.0 = Release|Any CPU
		{08F8FD4B-464A-476D-9503-CF72F9521BD5}.Debug|Any CPU.ActiveCfg = Debug|Any CPU
		{08F8FD4B-464A-476D-9503-CF72F9521BD5}.Debug|Any CPU.Build.0 = Debug|Any CPU
		{08F8FD4B-464A-476D-9503-CF72F9521BD5}.Debug|x64.ActiveCfg = Debug|Any CPU
		{08F8FD4B-464A-476D-9503-CF72F9521BD5}.Debug|x64.Build.0 = Debug|Any CPU
		{08F8FD4B-464A-476D-9503-CF72F9521BD5}.Debug|x86.ActiveCfg = Debug|Any CPU
		{08F8FD4B-464A-476D-9503-CF72F9521BD5}.Debug|x86.Build.0 = Debug|Any CPU
		{08F8FD4B-464A-476D-9503-CF72F9521BD5}.Release|Any CPU.ActiveCfg = Release|Any CPU
		{08F8FD4B-464A-476D-9503-CF72F9521BD5}.Release|Any CPU.Build.0 = Release|Any CPU
		{08F8FD4B-464A-476D-9503-CF72F9521BD5}.Release|x64.ActiveCfg = Release|Any CPU
		{08F8FD4B-464A-476D-9503-CF72F9521BD5}.Release|x64.Build.0 = Release|Any CPU
		{08F8FD4B-464A-476D-9503-CF72F9521BD5}.Release|x86.ActiveCfg = Release|Any CPU
		{08F8FD4B-464A-476D-9503-CF72F9521BD5}.Release|x86.Build.0 = Release|Any CPU
		{6E537EEA-EE34-4FCC-9B5E-1A6DF4F22F04}.Debug|Any CPU.ActiveCfg = Debug|Any CPU
		{6E537EEA-EE34-4FCC-9B5E-1A6DF4F22F04}.Debug|Any CPU.Build.0 = Debug|Any CPU
		{6E537EEA-EE34-4FCC-9B5E-1A6DF4F22F04}.Debug|x64.ActiveCfg = Debug|Any CPU
		{6E537EEA-EE34-4FCC-9B5E-1A6DF4F22F04}.Debug|x64.Build.0 = Debug|Any CPU
		{6E537EEA-EE34-4FCC-9B5E-1A6DF4F22F04}.Debug|x86.ActiveCfg = Debug|Any CPU
		{6E537EEA-EE34-4FCC-9B5E-1A6DF4F22F04}.Debug|x86.Build.0 = Debug|Any CPU
		{6E537EEA-EE34-4FCC-9B5E-1A6DF4F22F04}.Release|Any CPU.ActiveCfg = Release|Any CPU
		{6E537EEA-EE34-4FCC-9B5E-1A6DF4F22F04}.Release|Any CPU.Build.0 = Release|Any CPU
		{6E537EEA-EE34-4FCC-9B5E-1A6DF4F22F04}.Release|x64.ActiveCfg = Release|Any CPU
		{6E537EEA-EE34-4FCC-9B5E-1A6DF4F22F04}.Release|x64.Build.0 = Release|Any CPU
		{6E537EEA-EE34-4FCC-9B5E-1A6DF4F22F04}.Release|x86.ActiveCfg = Release|Any CPU
		{6E537EEA-EE34-4FCC-9B5E-1A6DF4F22F04}.Release|x86.Build.0 = Release|Any CPU
		{9381D574-BEB4-4065-B561-325EBFB07ED6}.Debug|Any CPU.ActiveCfg = Debug|Any CPU
		{9381D574-BEB4-4065-B561-325EBFB07ED6}.Debug|Any CPU.Build.0 = Debug|Any CPU
		{9381D574-BEB4-4065-B561-325EBFB07ED6}.Debug|x64.ActiveCfg = Debug|Any CPU
		{9381D574-BEB4-4065-B561-325EBFB07ED6}.Debug|x64.Build.0 = Debug|Any CPU
		{9381D574-BEB4-4065-B561-325EBFB07ED6}.Debug|x86.ActiveCfg = Debug|Any CPU
		{9381D574-BEB4-4065-B561-325EBFB07ED6}.Debug|x86.Build.0 = Debug|Any CPU
		{9381D574-BEB4-4065-B561-325EBFB07ED6}.Release|Any CPU.ActiveCfg = Release|Any CPU
		{9381D574-BEB4-4065-B561-325EBFB07ED6}.Release|Any CPU.Build.0 = Release|Any CPU
		{9381D574-BEB4-4065-B561-325EBFB07ED6}.Release|x64.ActiveCfg = Release|Any CPU
		{9381D574-BEB4-4065-B561-325EBFB07ED6}.Release|x64.Build.0 = Release|Any CPU
		{9381D574-BEB4-4065-B561-325EBFB07ED6}.Release|x86.ActiveCfg = Release|Any CPU
		{9381D574-BEB4-4065-B561-325EBFB07ED6}.Release|x86.Build.0 = Release|Any CPU
		{99030C0E-84C7-4EFC-82CB-2C997ACD2CD8}.Debug|Any CPU.ActiveCfg = Debug|Any CPU
		{99030C0E-84C7-4EFC-82CB-2C997ACD2CD8}.Debug|Any CPU.Build.0 = Debug|Any CPU
		{99030C0E-84C7-4EFC-82CB-2C997ACD2CD8}.Debug|x64.ActiveCfg = Debug|Any CPU
		{99030C0E-84C7-4EFC-82CB-2C997ACD2CD8}.Debug|x64.Build.0 = Debug|Any CPU
		{99030C0E-84C7-4EFC-82CB-2C997ACD2CD8}.Debug|x86.ActiveCfg = Debug|Any CPU
		{99030C0E-84C7-4EFC-82CB-2C997ACD2CD8}.Debug|x86.Build.0 = Debug|Any CPU
		{99030C0E-84C7-4EFC-82CB-2C997ACD2CD8}.Release|Any CPU.ActiveCfg = Release|Any CPU
		{99030C0E-84C7-4EFC-82CB-2C997ACD2CD8}.Release|Any CPU.Build.0 = Release|Any CPU
		{99030C0E-84C7-4EFC-82CB-2C997ACD2CD8}.Release|x64.ActiveCfg = Release|Any CPU
		{99030C0E-84C7-4EFC-82CB-2C997ACD2CD8}.Release|x64.Build.0 = Release|Any CPU
		{99030C0E-84C7-4EFC-82CB-2C997ACD2CD8}.Release|x86.ActiveCfg = Release|Any CPU
		{99030C0E-84C7-4EFC-82CB-2C997ACD2CD8}.Release|x86.Build.0 = Release|Any CPU
	EndGlobalSection
	GlobalSection(NestedProjects) = preSolution
		{9381D574-BEB4-4065-B561-325EBFB07ED6} = {7FC32B07-894F-4AD9-947E-CED7F6D99B2D}
		{99030C0E-84C7-4EFC-82CB-2C997ACD2CD8} = {7FC32B07-894F-4AD9-947E-CED7F6D99B2D}
	EndGlobalSection
EndGlobal
