
Microsoft Visual Studio Solution File, Format Version 12.00
# Visual Studio Version 16
VisualStudioVersion = 16.6.30114.105
MinimumVisualStudioVersion = 10.0.40219.1
Project("{FAE04EC0-301F-11D3-BF4B-00C04F79EFBC}") = "R5T.D0107.Construction", "R5T.D0107.Construction\R5T.D0107.Construction.csproj", "{413B966C-8EE7-4061-A36C-8828B7E5BC7F}"
EndProject
Project("{2150E333-8FDC-42A3-9474-1A3956D46DE8}") = "_Dependencies", "_Dependencies", "{C569D2A7-0759-4A03-99F7-C6D0502C8365}"
EndProject
Project("{FAE04EC0-301F-11D3-BF4B-00C04F79EFBC}") = "R5T.Plymouth.ProgramAsAService", "..\..\R5T.Plymouth\source\R5T.Plymouth.ProgramAsAService\R5T.Plymouth.ProgramAsAService.csproj", "{8EB5A95D-6624-49AF-85DD-59782ABA4CF8}"
EndProject
Project("{FAE04EC0-301F-11D3-BF4B-00C04F79EFBC}") = "R5T.T0027.T009", "..\..\R5T.T0027\source\R5T.T0027.T009\R5T.T0027.T009.csproj", "{84913466-7732-48AD-9863-45A8A9AB2EBD}"
EndProject
Project("{FAE04EC0-301F-11D3-BF4B-00C04F79EFBC}") = "R5T.D0107.I001", "R5T.D0107.I001\R5T.D0107.I001.csproj", "{018D7807-0346-481C-B2CE-69EF14A4D51D}"
EndProject
Project("{FAE04EC0-301F-11D3-BF4B-00C04F79EFBC}") = "R5T.D0107.Base", "R5T.D0107.Base\R5T.D0107.Base.csproj", "{12808E66-57D9-4341-AE2E-BEC07A496577}"
EndProject
Project("{FAE04EC0-301F-11D3-BF4B-00C04F79EFBC}") = "R5T.Dacia.Extensions", "..\..\R5T.Dacia.Extensions\source\R5T.Dacia.Extensions\R5T.Dacia.Extensions.csproj", "{C448CBC1-982C-4494-BD1F-D4681F10D8BD}"
EndProject
Project("{FAE04EC0-301F-11D3-BF4B-00C04F79EFBC}") = "R5T.Dacia.T002", "..\..\R5T.Dacia\source\R5T.Dacia.T002\R5T.Dacia.T002.csproj", "{7062E2BA-0DAA-41B5-B6AD-F2BF44BD2D6B}"
EndProject
Global
	GlobalSection(SolutionConfigurationPlatforms) = preSolution
		Debug|Any CPU = Debug|Any CPU
		Debug|x64 = Debug|x64
		Debug|x86 = Debug|x86
		Release|Any CPU = Release|Any CPU
		Release|x64 = Release|x64
		Release|x86 = Release|x86
	EndGlobalSection
	GlobalSection(SolutionProperties) = preSolution
		HideSolutionNode = FALSE
	EndGlobalSection
	GlobalSection(ProjectConfigurationPlatforms) = postSolution
		{413B966C-8EE7-4061-A36C-8828B7E5BC7F}.Debug|Any CPU.ActiveCfg = Debug|Any CPU
		{413B966C-8EE7-4061-A36C-8828B7E5BC7F}.Debug|Any CPU.Build.0 = Debug|Any CPU
		{413B966C-8EE7-4061-A36C-8828B7E5BC7F}.Debug|x64.ActiveCfg = Debug|Any CPU
		{413B966C-8EE7-4061-A36C-8828B7E5BC7F}.Debug|x64.Build.0 = Debug|Any CPU
		{413B966C-8EE7-4061-A36C-8828B7E5BC7F}.Debug|x86.ActiveCfg = Debug|Any CPU
		{413B966C-8EE7-4061-A36C-8828B7E5BC7F}.Debug|x86.Build.0 = Debug|Any CPU
		{413B966C-8EE7-4061-A36C-8828B7E5BC7F}.Release|Any CPU.ActiveCfg = Release|Any CPU
		{413B966C-8EE7-4061-A36C-8828B7E5BC7F}.Release|Any CPU.Build.0 = Release|Any CPU
		{413B966C-8EE7-4061-A36C-8828B7E5BC7F}.Release|x64.ActiveCfg = Release|Any CPU
		{413B966C-8EE7-4061-A36C-8828B7E5BC7F}.Release|x64.Build.0 = Release|Any CPU
		{413B966C-8EE7-4061-A36C-8828B7E5BC7F}.Release|x86.ActiveCfg = Release|Any CPU
		{413B966C-8EE7-4061-A36C-8828B7E5BC7F}.Release|x86.Build.0 = Release|Any CPU
		{8EB5A95D-6624-49AF-85DD-59782ABA4CF8}.Debug|Any CPU.ActiveCfg = Debug|Any CPU
		{8EB5A95D-6624-49AF-85DD-59782ABA4CF8}.Debug|Any CPU.Build.0 = Debug|Any CPU
		{8EB5A95D-6624-49AF-85DD-59782ABA4CF8}.Debug|x64.ActiveCfg = Debug|Any CPU
		{8EB5A95D-6624-49AF-85DD-59782ABA4CF8}.Debug|x64.Build.0 = Debug|Any CPU
		{8EB5A95D-6624-49AF-85DD-59782ABA4CF8}.Debug|x86.ActiveCfg = Debug|Any CPU
		{8EB5A95D-6624-49AF-85DD-59782ABA4CF8}.Debug|x86.Build.0 = Debug|Any CPU
		{8EB5A95D-6624-49AF-85DD-59782ABA4CF8}.Release|Any CPU.ActiveCfg = Release|Any CPU
		{8EB5A95D-6624-49AF-85DD-59782ABA4CF8}.Release|Any CPU.Build.0 = Release|Any CPU
		{8EB5A95D-6624-49AF-85DD-59782ABA4CF8}.Release|x64.ActiveCfg = Release|Any CPU
		{8EB5A95D-6624-49AF-85DD-59782ABA4CF8}.Release|x64.Build.0 = Release|Any CPU
		{8EB5A95D-6624-49AF-85DD-59782ABA4CF8}.Release|x86.ActiveCfg = Release|Any CPU
		{8EB5A95D-6624-49AF-85DD-59782ABA4CF8}.Release|x86.Build.0 = Release|Any CPU
		{84913466-7732-48AD-9863-45A8A9AB2EBD}.Debug|Any CPU.ActiveCfg = Debug|Any CPU
		{84913466-7732-48AD-9863-45A8A9AB2EBD}.Debug|Any CPU.Build.0 = Debug|Any CPU
		{84913466-7732-48AD-9863-45A8A9AB2EBD}.Debug|x64.ActiveCfg = Debug|Any CPU
		{84913466-7732-48AD-9863-45A8A9AB2EBD}.Debug|x64.Build.0 = Debug|Any CPU
		{84913466-7732-48AD-9863-45A8A9AB2EBD}.Debug|x86.ActiveCfg = Debug|Any CPU
		{84913466-7732-48AD-9863-45A8A9AB2EBD}.Debug|x86.Build.0 = Debug|Any CPU
		{84913466-7732-48AD-9863-45A8A9AB2EBD}.Release|Any CPU.ActiveCfg = Release|Any CPU
		{84913466-7732-48AD-9863-45A8A9AB2EBD}.Release|Any CPU.Build.0 = Release|Any CPU
		{84913466-7732-48AD-9863-45A8A9AB2EBD}.Release|x64.ActiveCfg = Release|Any CPU
		{84913466-7732-48AD-9863-45A8A9AB2EBD}.Release|x64.Build.0 = Release|Any CPU
		{84913466-7732-48AD-9863-45A8A9AB2EBD}.Release|x86.ActiveCfg = Release|Any CPU
		{84913466-7732-48AD-9863-45A8A9AB2EBD}.Release|x86.Build.0 = Release|Any CPU
		{018D7807-0346-481C-B2CE-69EF14A4D51D}.Debug|Any CPU.ActiveCfg = Debug|Any CPU
		{018D7807-0346-481C-B2CE-69EF14A4D51D}.Debug|Any CPU.Build.0 = Debug|Any CPU
		{018D7807-0346-481C-B2CE-69EF14A4D51D}.Debug|x64.ActiveCfg = Debug|Any CPU
		{018D7807-0346-481C-B2CE-69EF14A4D51D}.Debug|x64.Build.0 = Debug|Any CPU
		{018D7807-0346-481C-B2CE-69EF14A4D51D}.Debug|x86.ActiveCfg = Debug|Any CPU
		{018D7807-0346-481C-B2CE-69EF14A4D51D}.Debug|x86.Build.0 = Debug|Any CPU
		{018D7807-0346-481C-B2CE-69EF14A4D51D}.Release|Any CPU.ActiveCfg = Release|Any CPU
		{018D7807-0346-481C-B2CE-69EF14A4D51D}.Release|Any CPU.Build.0 = Release|Any CPU
		{018D7807-0346-481C-B2CE-69EF14A4D51D}.Release|x64.ActiveCfg = Release|Any CPU
		{018D7807-0346-481C-B2CE-69EF14A4D51D}.Release|x64.Build.0 = Release|Any CPU
		{018D7807-0346-481C-B2CE-69EF14A4D51D}.Release|x86.ActiveCfg = Release|Any CPU
		{018D7807-0346-481C-B2CE-69EF14A4D51D}.Release|x86.Build.0 = Release|Any CPU
		{12808E66-57D9-4341-AE2E-BEC07A496577}.Debug|Any CPU.ActiveCfg = Debug|Any CPU
		{12808E66-57D9-4341-AE2E-BEC07A496577}.Debug|Any CPU.Build.0 = Debug|Any CPU
		{12808E66-57D9-4341-AE2E-BEC07A496577}.Debug|x64.ActiveCfg = Debug|Any CPU
		{12808E66-57D9-4341-AE2E-BEC07A496577}.Debug|x64.Build.0 = Debug|Any CPU
		{12808E66-57D9-4341-AE2E-BEC07A496577}.Debug|x86.ActiveCfg = Debug|Any CPU
		{12808E66-57D9-4341-AE2E-BEC07A496577}.Debug|x86.Build.0 = Debug|Any CPU
		{12808E66-57D9-4341-AE2E-BEC07A496577}.Release|Any CPU.ActiveCfg = Release|Any CPU
		{12808E66-57D9-4341-AE2E-BEC07A496577}.Release|Any CPU.Build.0 = Release|Any CPU
		{12808E66-57D9-4341-AE2E-BEC07A496577}.Release|x64.ActiveCfg = Release|Any CPU
		{12808E66-57D9-4341-AE2E-BEC07A496577}.Release|x64.Build.0 = Release|Any CPU
		{12808E66-57D9-4341-AE2E-BEC07A496577}.Release|x86.ActiveCfg = Release|Any CPU
		{12808E66-57D9-4341-AE2E-BEC07A496577}.Release|x86.Build.0 = Release|Any CPU
		{C448CBC1-982C-4494-BD1F-D4681F10D8BD}.Debug|Any CPU.ActiveCfg = Debug|Any CPU
		{C448CBC1-982C-4494-BD1F-D4681F10D8BD}.Debug|Any CPU.Build.0 = Debug|Any CPU
		{C448CBC1-982C-4494-BD1F-D4681F10D8BD}.Debug|x64.ActiveCfg = Debug|Any CPU
		{C448CBC1-982C-4494-BD1F-D4681F10D8BD}.Debug|x64.Build.0 = Debug|Any CPU
		{C448CBC1-982C-4494-BD1F-D4681F10D8BD}.Debug|x86.ActiveCfg = Debug|Any CPU
		{C448CBC1-982C-4494-BD1F-D4681F10D8BD}.Debug|x86.Build.0 = Debug|Any CPU
		{C448CBC1-982C-4494-BD1F-D4681F10D8BD}.Release|Any CPU.ActiveCfg = Release|Any CPU
		{C448CBC1-982C-4494-BD1F-D4681F10D8BD}.Release|Any CPU.Build.0 = Release|Any CPU
		{C448CBC1-982C-4494-BD1F-D4681F10D8BD}.Release|x64.ActiveCfg = Release|Any CPU
		{C448CBC1-982C-4494-BD1F-D4681F10D8BD}.Release|x64.Build.0 = Release|Any CPU
		{C448CBC1-982C-4494-BD1F-D4681F10D8BD}.Release|x86.ActiveCfg = Release|Any CPU
		{C448CBC1-982C-4494-BD1F-D4681F10D8BD}.Release|x86.Build.0 = Release|Any CPU
		{7062E2BA-0DAA-41B5-B6AD-F2BF44BD2D6B}.Debug|Any CPU.ActiveCfg = Debug|Any CPU
		{7062E2BA-0DAA-41B5-B6AD-F2BF44BD2D6B}.Debug|Any CPU.Build.0 = Debug|Any CPU
		{7062E2BA-0DAA-41B5-B6AD-F2BF44BD2D6B}.Debug|x64.ActiveCfg = Debug|Any CPU
		{7062E2BA-0DAA-41B5-B6AD-F2BF44BD2D6B}.Debug|x64.Build.0 = Debug|Any CPU
		{7062E2BA-0DAA-41B5-B6AD-F2BF44BD2D6B}.Debug|x86.ActiveCfg = Debug|Any CPU
		{7062E2BA-0DAA-41B5-B6AD-F2BF44BD2D6B}.Debug|x86.Build.0 = Debug|Any CPU
		{7062E2BA-0DAA-41B5-B6AD-F2BF44BD2D6B}.Release|Any CPU.ActiveCfg = Release|Any CPU
		{7062E2BA-0DAA-41B5-B6AD-F2BF44BD2D6B}.Release|Any CPU.Build.0 = Release|Any CPU
		{7062E2BA-0DAA-41B5-B6AD-F2BF44BD2D6B}.Release|x64.ActiveCfg = Release|Any CPU
		{7062E2BA-0DAA-41B5-B6AD-F2BF44BD2D6B}.Release|x64.Build.0 = Release|Any CPU
		{7062E2BA-0DAA-41B5-B6AD-F2BF44BD2D6B}.Release|x86.ActiveCfg = Release|Any CPU
		{7062E2BA-0DAA-41B5-B6AD-F2BF44BD2D6B}.Release|x86.Build.0 = Release|Any CPU
	EndGlobalSection
	GlobalSection(NestedProjects) = preSolution
		{8EB5A95D-6624-49AF-85DD-59782ABA4CF8} = {C569D2A7-0759-4A03-99F7-C6D0502C8365}
		{84913466-7732-48AD-9863-45A8A9AB2EBD} = {C569D2A7-0759-4A03-99F7-C6D0502C8365}
		{C448CBC1-982C-4494-BD1F-D4681F10D8BD} = {C569D2A7-0759-4A03-99F7-C6D0502C8365}
		{7062E2BA-0DAA-41B5-B6AD-F2BF44BD2D6B} = {C569D2A7-0759-4A03-99F7-C6D0502C8365}
	EndGlobalSection
EndGlobal
