
Microsoft Visual Studio Solution File, Format Version 12.00
# Visual Studio Version 17
VisualStudioVersion = 17.2.32630.192
MinimumVisualStudioVersion = 10.0.40219.1
Project("{FAE04EC0-301F-11D3-BF4B-00C04F79EFBC}") = "R5T.D0107.A001", "R5T.D0107.A001\R5T.D0107.A001.csproj", "{F68B45C1-5682-4828-8CE1-22BE8D1F3463}"
EndProject
Project("{FAE04EC0-301F-11D3-BF4B-00C04F79EFBC}") = "R5T.D0107.I001", "R5T.D0107.I001\R5T.D0107.I001.csproj", "{08F8FD4B-464A-476D-9503-CF72F9521BD5}"
EndProject
Project("{FAE04EC0-301F-11D3-BF4B-00C04F79EFBC}") = "R5T.D0107.Base", "R5T.D0107.Base\R5T.D0107.Base.csproj", "{6E537EEA-EE34-4FCC-9B5E-1A6DF4F22F04}"
EndProject
Project("{2150E333-8FDC-42A3-9474-1A3956D46DE8}") = "_Dependencies", "_Dependencies", "{7FC32B07-894F-4AD9-947E-CED7F6D99B2D}"
EndProject
Project("{FAE04EC0-301F-11D3-BF4B-00C04F79EFBC}") = "R5T.Dacia.Extensions", "..\..\R5T.Dacia.Extensions\source\R5T.Dacia.Extensions\R5T.Dacia.Extensions.csproj", "{9381D574-BEB4-4065-B561-325EBFB07ED6}"
EndProject
Project("{FAE04EC0-301F-11D3-BF4B-00C04F79EFBC}") = "R5T.Dacia.T002", "..\..\R5T.Dacia\source\R5T.Dacia.T002\R5T.Dacia.T002.csproj", "{99030C0E-84C7-4EFC-82CB-2C997ACD2CD8}"
EndProject
Project("{9A19103F-16F7-4668-BE54-9A1E7A4F7556}") = "R5T.Dacia", "..\..\R5T.Dacia\source\R5T.Dacia\R5T.Dacia.csproj", "{EB816042-897C-448B-B239-9D314C2DAA32}"
EndProject
Project("{9A19103F-16F7-4668-BE54-9A1E7A4F7556}") = "R5T.L0013", "..\..\R5T.L0013\source\R5T.L0013\R5T.L0013.csproj", "{BF0B469C-3ED3-4773-9B4A-A45D68A704C8}"
EndProject
Project("{9A19103F-16F7-4668-BE54-9A1E7A4F7556}") = "R5T.T0039.T002", "..\..\R5T.T0039\source\R5T.T0039.T002\R5T.T0039.T002.csproj", "{9B93AE2F-3BE1-4AA9-91CD-F8957DA21765}"
EndProject
Project("{9A19103F-16F7-4668-BE54-9A1E7A4F7556}") = "R5T.T0062.X001", "..\..\R5T.T0062\source\R5T.T0062.X001\R5T.T0062.X001.csproj", "{0EB482A8-6EAA-469D-9815-5917CD72968B}"
EndProject
Project("{9A19103F-16F7-4668-BE54-9A1E7A4F7556}") = "R5T.T0062", "..\..\R5T.T0062\source\R5T.T0062\R5T.T0062.csproj", "{00044689-B9FA-4C8E-9045-DD9F0B1B8CE2}"
EndProject
Project("{9A19103F-16F7-4668-BE54-9A1E7A4F7556}") = "R5T.T0063", "..\..\R5T.T0063\source\R5T.T0063\R5T.T0063.csproj", "{DFEFD399-E2E5-42CD-9EB0-5033837A5C61}"
EndProject
Project("{9A19103F-16F7-4668-BE54-9A1E7A4F7556}") = "R5T.T0064.T001", "..\..\R5T.T0064\source\R5T.T0064.T001\R5T.T0064.T001.csproj", "{47968E67-1E87-401D-9845-536339364AC8}"
EndProject
Project("{9A19103F-16F7-4668-BE54-9A1E7A4F7556}") = "R5T.T0064", "..\..\R5T.T0064\source\R5T.T0064\R5T.T0064.csproj", "{3A9E2C27-A6C4-43BF-A2F2-D68002FD150B}"
EndProject
Project("{9A19103F-16F7-4668-BE54-9A1E7A4F7556}") = "R5T.T0143", "..\..\R5T.T0143\source\R5T.T0143\R5T.T0143.csproj", "{D99CC0D5-DBC6-4148-8B51-38B4CF36AF0F}"
EndProject
Global
	GlobalSection(NestedProjects) = preSolution
		{9381D574-BEB4-4065-B561-325EBFB07ED6} = {7FC32B07-894F-4AD9-947E-CED7F6D99B2D}
		{99030C0E-84C7-4EFC-82CB-2C997ACD2CD8} = {7FC32B07-894F-4AD9-947E-CED7F6D99B2D}
		{EB816042-897C-448B-B239-9D314C2DAA32} = {7FC32B07-894F-4AD9-947E-CED7F6D99B2D}
		{BF0B469C-3ED3-4773-9B4A-A45D68A704C8} = {7FC32B07-894F-4AD9-947E-CED7F6D99B2D}
		{9B93AE2F-3BE1-4AA9-91CD-F8957DA21765} = {7FC32B07-894F-4AD9-947E-CED7F6D99B2D}
		{0EB482A8-6EAA-469D-9815-5917CD72968B} = {7FC32B07-894F-4AD9-947E-CED7F6D99B2D}
		{00044689-B9FA-4C8E-9045-DD9F0B1B8CE2} = {7FC32B07-894F-4AD9-947E-CED7F6D99B2D}
		{DFEFD399-E2E5-42CD-9EB0-5033837A5C61} = {7FC32B07-894F-4AD9-947E-CED7F6D99B2D}
		{47968E67-1E87-401D-9845-536339364AC8} = {7FC32B07-894F-4AD9-947E-CED7F6D99B2D}
		{3A9E2C27-A6C4-43BF-A2F2-D68002FD150B} = {7FC32B07-894F-4AD9-947E-CED7F6D99B2D}
		{D99CC0D5-DBC6-4148-8B51-38B4CF36AF0F} = {7FC32B07-894F-4AD9-947E-CED7F6D99B2D}
	EndGlobalSection
	GlobalSection(SolutionConfigurationPlatforms) = preSolution
		Debug|Any CPU = Debug|Any CPU
		Debug|x64 = Debug|x64
		Debug|x86 = Debug|x86
		Release|Any CPU = Release|Any CPU
		Release|x64 = Release|x64
		Release|x86 = Release|x86
	EndGlobalSection
	GlobalSection(ProjectConfigurationPlatforms) = postSolution
		{F68B45C1-5682-4828-8CE1-22BE8D1F3463}.Debug|Any CPU.ActiveCfg = Debug|Any CPU
		{F68B45C1-5682-4828-8CE1-22BE8D1F3463}.Debug|Any CPU.Build.0 = Debug|Any CPU
		{F68B45C1-5682-4828-8CE1-22BE8D1F3463}.Debug|x64.ActiveCfg = Debug|Any CPU
		{F68B45C1-5682-4828-8CE1-22BE8D1F3463}.Debug|x64.Build.0 = Debug|Any CPU
		{F68B45C1-5682-4828-8CE1-22BE8D1F3463}.Debug|x86.ActiveCfg = Debug|Any CPU
		{F68B45C1-5682-4828-8CE1-22BE8D1F3463}.Debug|x86.Build.0 = Debug|Any CPU
		{F68B45C1-5682-4828-8CE1-22BE8D1F3463}.Release|Any CPU.ActiveCfg = Release|Any CPU
		{F68B45C1-5682-4828-8CE1-22BE8D1F3463}.Release|Any CPU.Build.0 = Release|Any CPU
		{F68B45C1-5682-4828-8CE1-22BE8D1F3463}.Release|x64.ActiveCfg = Release|Any CPU
		{F68B45C1-5682-4828-8CE1-22BE8D1F3463}.Release|x64.Build.0 = Release|Any CPU
		{F68B45C1-5682-4828-8CE1-22BE8D1F3463}.Release|x86.ActiveCfg = Release|Any CPU
		{F68B45C1-5682-4828-8CE1-22BE8D1F3463}.Release|x86.Build.0 = Release|Any CPU
		{08F8FD4B-464A-476D-9503-CF72F9521BD5}.Debug|Any CPU.ActiveCfg = Debug|Any CPU
		{08F8FD4B-464A-476D-9503-CF72F9521BD5}.Debug|Any CPU.Build.0 = Debug|Any CPU
		{08F8FD4B-464A-476D-9503-CF72F9521BD5}.Debug|x64.ActiveCfg = Debug|Any CPU
		{08F8FD4B-464A-476D-9503-CF72F9521BD5}.Debug|x64.Build.0 = Debug|Any CPU
		{08F8FD4B-464A-476D-9503-CF72F9521BD5}.Debug|x86.ActiveCfg = Debug|Any CPU
		{08F8FD4B-464A-476D-9503-CF72F9521BD5}.Debug|x86.Build.0 = Debug|Any CPU
		{08F8FD4B-464A-476D-9503-CF72F9521BD5}.Release|Any CPU.ActiveCfg = Release|Any CPU
		{08F8FD4B-464A-476D-9503-CF72F9521BD5}.Release|Any CPU.Build.0 = Release|Any CPU
		{08F8FD4B-464A-476D-9503-CF72F9521BD5}.Release|x64.ActiveCfg = Release|Any CPU
		{08F8FD4B-464A-476D-9503-CF72F9521BD5}.Release|x64.Build.0 = Release|Any CPU
		{08F8FD4B-464A-476D-9503-CF72F9521BD5}.Release|x86.ActiveCfg = Release|Any CPU
		{08F8FD4B-464A-476D-9503-CF72F9521BD5}.Release|x86.Build.0 = Release|Any CPU
		{6E537EEA-EE34-4FCC-9B5E-1A6DF4F22F04}.Debug|Any CPU.ActiveCfg = Debug|Any CPU
		{6E537EEA-EE34-4FCC-9B5E-1A6DF4F22F04}.Debug|Any CPU.Build.0 = Debug|Any CPU
		{6E537EEA-EE34-4FCC-9B5E-1A6DF4F22F04}.Debug|x64.ActiveCfg = Debug|Any CPU
		{6E537EEA-EE34-4FCC-9B5E-1A6DF4F22F04}.Debug|x64.Build.0 = Debug|Any CPU
		{6E537EEA-EE34-4FCC-9B5E-1A6DF4F22F04}.Debug|x86.ActiveCfg = Debug|Any CPU
		{6E537EEA-EE34-4FCC-9B5E-1A6DF4F22F04}.Debug|x86.Build.0 = Debug|Any CPU
		{6E537EEA-EE34-4FCC-9B5E-1A6DF4F22F04}.Release|Any CPU.ActiveCfg = Release|Any CPU
		{6E537EEA-EE34-4FCC-9B5E-1A6DF4F22F04}.Release|Any CPU.Build.0 = Release|Any CPU
		{6E537EEA-EE34-4FCC-9B5E-1A6DF4F22F04}.Release|x64.ActiveCfg = Release|Any CPU
		{6E537EEA-EE34-4FCC-9B5E-1A6DF4F22F04}.Release|x64.Build.0 = Release|Any CPU
		{6E537EEA-EE34-4FCC-9B5E-1A6DF4F22F04}.Release|x86.ActiveCfg = Release|Any CPU
		{6E537EEA-EE34-4FCC-9B5E-1A6DF4F22F04}.Release|x86.Build.0 = Release|Any CPU
		{9381D574-BEB4-4065-B561-325EBFB07ED6}.Debug|Any CPU.ActiveCfg = Debug|Any CPU
		{9381D574-BEB4-4065-B561-325EBFB07ED6}.Debug|Any CPU.Build.0 = Debug|Any CPU
		{9381D574-BEB4-4065-B561-325EBFB07ED6}.Debug|x64.ActiveCfg = Debug|Any CPU
		{9381D574-BEB4-4065-B561-325EBFB07ED6}.Debug|x64.Build.0 = Debug|Any CPU
		{9381D574-BEB4-4065-B561-325EBFB07ED6}.Debug|x86.ActiveCfg = Debug|Any CPU
		{9381D574-BEB4-4065-B561-325EBFB07ED6}.Debug|x86.Build.0 = Debug|Any CPU
		{9381D574-BEB4-4065-B561-325EBFB07ED6}.Release|Any CPU.ActiveCfg = Release|Any CPU
		{9381D574-BEB4-4065-B561-325EBFB07ED6}.Release|Any CPU.Build.0 = Release|Any CPU
		{9381D574-BEB4-4065-B561-325EBFB07ED6}.Release|x64.ActiveCfg = Release|Any CPU
		{9381D574-BEB4-4065-B561-325EBFB07ED6}.Release|x64.Build.0 = Release|Any CPU
		{9381D574-BEB4-4065-B561-325EBFB07ED6}.Release|x86.ActiveCfg = Release|Any CPU
		{9381D574-BEB4-4065-B561-325EBFB07ED6}.Release|x86.Build.0 = Release|Any CPU
		{99030C0E-84C7-4EFC-82CB-2C997ACD2CD8}.Debug|Any CPU.ActiveCfg = Debug|Any CPU
		{99030C0E-84C7-4EFC-82CB-2C997ACD2CD8}.Debug|Any CPU.Build.0 = Debug|Any CPU
		{99030C0E-84C7-4EFC-82CB-2C997ACD2CD8}.Debug|x64.ActiveCfg = Debug|Any CPU
		{99030C0E-84C7-4EFC-82CB-2C997ACD2CD8}.Debug|x64.Build.0 = Debug|Any CPU
		{99030C0E-84C7-4EFC-82CB-2C997ACD2CD8}.Debug|x86.ActiveCfg = Debug|Any CPU
		{99030C0E-84C7-4EFC-82CB-2C997ACD2CD8}.Debug|x86.Build.0 = Debug|Any CPU
		{99030C0E-84C7-4EFC-82CB-2C997ACD2CD8}.Release|Any CPU.ActiveCfg = Release|Any CPU
		{99030C0E-84C7-4EFC-82CB-2C997ACD2CD8}.Release|Any CPU.Build.0 = Release|Any CPU
		{99030C0E-84C7-4EFC-82CB-2C997ACD2CD8}.Release|x64.ActiveCfg = Release|Any CPU
		{99030C0E-84C7-4EFC-82CB-2C997ACD2CD8}.Release|x64.Build.0 = Release|Any CPU
		{99030C0E-84C7-4EFC-82CB-2C997ACD2CD8}.Release|x86.ActiveCfg = Release|Any CPU
		{99030C0E-84C7-4EFC-82CB-2C997ACD2CD8}.Release|x86.Build.0 = Release|Any CPU
		{EB816042-897C-448B-B239-9D314C2DAA32}.Debug|Any CPU.ActiveCfg = Debug|Any CPU
		{EB816042-897C-448B-B239-9D314C2DAA32}.Debug|Any CPU.Build.0 = Debug|Any CPU
		{EB816042-897C-448B-B239-9D314C2DAA32}.Debug|x64.ActiveCfg = Debug|Any CPU
		{EB816042-897C-448B-B239-9D314C2DAA32}.Debug|x64.Build.0 = Debug|Any CPU
		{EB816042-897C-448B-B239-9D314C2DAA32}.Debug|x86.ActiveCfg = Debug|Any CPU
		{EB816042-897C-448B-B239-9D314C2DAA32}.Debug|x86.Build.0 = Debug|Any CPU
		{EB816042-897C-448B-B239-9D314C2DAA32}.Release|Any CPU.ActiveCfg = Release|Any CPU
		{EB816042-897C-448B-B239-9D314C2DAA32}.Release|Any CPU.Build.0 = Release|Any CPU
		{EB816042-897C-448B-B239-9D314C2DAA32}.Release|x64.ActiveCfg = Release|Any CPU
		{EB816042-897C-448B-B239-9D314C2DAA32}.Release|x64.Build.0 = Release|Any CPU
		{EB816042-897C-448B-B239-9D314C2DAA32}.Release|x86.ActiveCfg = Release|Any CPU
		{EB816042-897C-448B-B239-9D314C2DAA32}.Release|x86.Build.0 = Release|Any CPU
		{BF0B469C-3ED3-4773-9B4A-A45D68A704C8}.Debug|Any CPU.ActiveCfg = Debug|Any CPU
		{BF0B469C-3ED3-4773-9B4A-A45D68A704C8}.Debug|Any CPU.Build.0 = Debug|Any CPU
		{BF0B469C-3ED3-4773-9B4A-A45D68A704C8}.Debug|x64.ActiveCfg = Debug|Any CPU
		{BF0B469C-3ED3-4773-9B4A-A45D68A704C8}.Debug|x64.Build.0 = Debug|Any CPU
		{BF0B469C-3ED3-4773-9B4A-A45D68A704C8}.Debug|x86.ActiveCfg = Debug|Any CPU
		{BF0B469C-3ED3-4773-9B4A-A45D68A704C8}.Debug|x86.Build.0 = Debug|Any CPU
		{BF0B469C-3ED3-4773-9B4A-A45D68A704C8}.Release|Any CPU.ActiveCfg = Release|Any CPU
		{BF0B469C-3ED3-4773-9B4A-A45D68A704C8}.Release|Any CPU.Build.0 = Release|Any CPU
		{BF0B469C-3ED3-4773-9B4A-A45D68A704C8}.Release|x64.ActiveCfg = Release|Any CPU
		{BF0B469C-3ED3-4773-9B4A-A45D68A704C8}.Release|x64.Build.0 = Release|Any CPU
		{BF0B469C-3ED3-4773-9B4A-A45D68A704C8}.Release|x86.ActiveCfg = Release|Any CPU
		{BF0B469C-3ED3-4773-9B4A-A45D68A704C8}.Release|x86.Build.0 = Release|Any CPU
		{9B93AE2F-3BE1-4AA9-91CD-F8957DA21765}.Debug|Any CPU.ActiveCfg = Debug|Any CPU
		{9B93AE2F-3BE1-4AA9-91CD-F8957DA21765}.Debug|Any CPU.Build.0 = Debug|Any CPU
		{9B93AE2F-3BE1-4AA9-91CD-F8957DA21765}.Debug|x64.ActiveCfg = Debug|Any CPU
		{9B93AE2F-3BE1-4AA9-91CD-F8957DA21765}.Debug|x64.Build.0 = Debug|Any CPU
		{9B93AE2F-3BE1-4AA9-91CD-F8957DA21765}.Debug|x86.ActiveCfg = Debug|Any CPU
		{9B93AE2F-3BE1-4AA9-91CD-F8957DA21765}.Debug|x86.Build.0 = Debug|Any CPU
		{9B93AE2F-3BE1-4AA9-91CD-F8957DA21765}.Release|Any CPU.ActiveCfg = Release|Any CPU
		{9B93AE2F-3BE1-4AA9-91CD-F8957DA21765}.Release|Any CPU.Build.0 = Release|Any CPU
		{9B93AE2F-3BE1-4AA9-91CD-F8957DA21765}.Release|x64.ActiveCfg = Release|Any CPU
		{9B93AE2F-3BE1-4AA9-91CD-F8957DA21765}.Release|x64.Build.0 = Release|Any CPU
		{9B93AE2F-3BE1-4AA9-91CD-F8957DA21765}.Release|x86.ActiveCfg = Release|Any CPU
		{9B93AE2F-3BE1-4AA9-91CD-F8957DA21765}.Release|x86.Build.0 = Release|Any CPU
		{0EB482A8-6EAA-469D-9815-5917CD72968B}.Debug|Any CPU.ActiveCfg = Debug|Any CPU
		{0EB482A8-6EAA-469D-9815-5917CD72968B}.Debug|Any CPU.Build.0 = Debug|Any CPU
		{0EB482A8-6EAA-469D-9815-5917CD72968B}.Debug|x64.ActiveCfg = Debug|Any CPU
		{0EB482A8-6EAA-469D-9815-5917CD72968B}.Debug|x64.Build.0 = Debug|Any CPU
		{0EB482A8-6EAA-469D-9815-5917CD72968B}.Debug|x86.ActiveCfg = Debug|Any CPU
		{0EB482A8-6EAA-469D-9815-5917CD72968B}.Debug|x86.Build.0 = Debug|Any CPU
		{0EB482A8-6EAA-469D-9815-5917CD72968B}.Release|Any CPU.ActiveCfg = Release|Any CPU
		{0EB482A8-6EAA-469D-9815-5917CD72968B}.Release|Any CPU.Build.0 = Release|Any CPU
		{0EB482A8-6EAA-469D-9815-5917CD72968B}.Release|x64.ActiveCfg = Release|Any CPU
		{0EB482A8-6EAA-469D-9815-5917CD72968B}.Release|x64.Build.0 = Release|Any CPU
		{0EB482A8-6EAA-469D-9815-5917CD72968B}.Release|x86.ActiveCfg = Release|Any CPU
		{0EB482A8-6EAA-469D-9815-5917CD72968B}.Release|x86.Build.0 = Release|Any CPU
		{00044689-B9FA-4C8E-9045-DD9F0B1B8CE2}.Debug|Any CPU.ActiveCfg = Debug|Any CPU
		{00044689-B9FA-4C8E-9045-DD9F0B1B8CE2}.Debug|Any CPU.Build.0 = Debug|Any CPU
		{00044689-B9FA-4C8E-9045-DD9F0B1B8CE2}.Debug|x64.ActiveCfg = Debug|Any CPU
		{00044689-B9FA-4C8E-9045-DD9F0B1B8CE2}.Debug|x64.Build.0 = Debug|Any CPU
		{00044689-B9FA-4C8E-9045-DD9F0B1B8CE2}.Debug|x86.ActiveCfg = Debug|Any CPU
		{00044689-B9FA-4C8E-9045-DD9F0B1B8CE2}.Debug|x86.Build.0 = Debug|Any CPU
		{00044689-B9FA-4C8E-9045-DD9F0B1B8CE2}.Release|Any CPU.ActiveCfg = Release|Any CPU
		{00044689-B9FA-4C8E-9045-DD9F0B1B8CE2}.Release|Any CPU.Build.0 = Release|Any CPU
		{00044689-B9FA-4C8E-9045-DD9F0B1B8CE2}.Release|x64.ActiveCfg = Release|Any CPU
		{00044689-B9FA-4C8E-9045-DD9F0B1B8CE2}.Release|x64.Build.0 = Release|Any CPU
		{00044689-B9FA-4C8E-9045-DD9F0B1B8CE2}.Release|x86.ActiveCfg = Release|Any CPU
		{00044689-B9FA-4C8E-9045-DD9F0B1B8CE2}.Release|x86.Build.0 = Release|Any CPU
		{DFEFD399-E2E5-42CD-9EB0-5033837A5C61}.Debug|Any CPU.ActiveCfg = Debug|Any CPU
		{DFEFD399-E2E5-42CD-9EB0-5033837A5C61}.Debug|Any CPU.Build.0 = Debug|Any CPU
		{DFEFD399-E2E5-42CD-9EB0-5033837A5C61}.Debug|x64.ActiveCfg = Debug|Any CPU
		{DFEFD399-E2E5-42CD-9EB0-5033837A5C61}.Debug|x64.Build.0 = Debug|Any CPU
		{DFEFD399-E2E5-42CD-9EB0-5033837A5C61}.Debug|x86.ActiveCfg = Debug|Any CPU
		{DFEFD399-E2E5-42CD-9EB0-5033837A5C61}.Debug|x86.Build.0 = Debug|Any CPU
		{DFEFD399-E2E5-42CD-9EB0-5033837A5C61}.Release|Any CPU.ActiveCfg = Release|Any CPU
		{DFEFD399-E2E5-42CD-9EB0-5033837A5C61}.Release|Any CPU.Build.0 = Release|Any CPU
		{DFEFD399-E2E5-42CD-9EB0-5033837A5C61}.Release|x64.ActiveCfg = Release|Any CPU
		{DFEFD399-E2E5-42CD-9EB0-5033837A5C61}.Release|x64.Build.0 = Release|Any CPU
		{DFEFD399-E2E5-42CD-9EB0-5033837A5C61}.Release|x86.ActiveCfg = Release|Any CPU
		{DFEFD399-E2E5-42CD-9EB0-5033837A5C61}.Release|x86.Build.0 = Release|Any CPU
		{47968E67-1E87-401D-9845-536339364AC8}.Debug|Any CPU.ActiveCfg = Debug|Any CPU
		{47968E67-1E87-401D-9845-536339364AC8}.Debug|Any CPU.Build.0 = Debug|Any CPU
		{47968E67-1E87-401D-9845-536339364AC8}.Debug|x64.ActiveCfg = Debug|Any CPU
		{47968E67-1E87-401D-9845-536339364AC8}.Debug|x64.Build.0 = Debug|Any CPU
		{47968E67-1E87-401D-9845-536339364AC8}.Debug|x86.ActiveCfg = Debug|Any CPU
		{47968E67-1E87-401D-9845-536339364AC8}.Debug|x86.Build.0 = Debug|Any CPU
		{47968E67-1E87-401D-9845-536339364AC8}.Release|Any CPU.ActiveCfg = Release|Any CPU
		{47968E67-1E87-401D-9845-536339364AC8}.Release|Any CPU.Build.0 = Release|Any CPU
		{47968E67-1E87-401D-9845-536339364AC8}.Release|x64.ActiveCfg = Release|Any CPU
		{47968E67-1E87-401D-9845-536339364AC8}.Release|x64.Build.0 = Release|Any CPU
		{47968E67-1E87-401D-9845-536339364AC8}.Release|x86.ActiveCfg = Release|Any CPU
		{47968E67-1E87-401D-9845-536339364AC8}.Release|x86.Build.0 = Release|Any CPU
		{3A9E2C27-A6C4-43BF-A2F2-D68002FD150B}.Debug|Any CPU.ActiveCfg = Debug|Any CPU
		{3A9E2C27-A6C4-43BF-A2F2-D68002FD150B}.Debug|Any CPU.Build.0 = Debug|Any CPU
		{3A9E2C27-A6C4-43BF-A2F2-D68002FD150B}.Debug|x64.ActiveCfg = Debug|Any CPU
		{3A9E2C27-A6C4-43BF-A2F2-D68002FD150B}.Debug|x64.Build.0 = Debug|Any CPU
		{3A9E2C27-A6C4-43BF-A2F2-D68002FD150B}.Debug|x86.ActiveCfg = Debug|Any CPU
		{3A9E2C27-A6C4-43BF-A2F2-D68002FD150B}.Debug|x86.Build.0 = Debug|Any CPU
		{3A9E2C27-A6C4-43BF-A2F2-D68002FD150B}.Release|Any CPU.ActiveCfg = Release|Any CPU
		{3A9E2C27-A6C4-43BF-A2F2-D68002FD150B}.Release|Any CPU.Build.0 = Release|Any CPU
		{3A9E2C27-A6C4-43BF-A2F2-D68002FD150B}.Release|x64.ActiveCfg = Release|Any CPU
		{3A9E2C27-A6C4-43BF-A2F2-D68002FD150B}.Release|x64.Build.0 = Release|Any CPU
		{3A9E2C27-A6C4-43BF-A2F2-D68002FD150B}.Release|x86.ActiveCfg = Release|Any CPU
		{3A9E2C27-A6C4-43BF-A2F2-D68002FD150B}.Release|x86.Build.0 = Release|Any CPU
		{D99CC0D5-DBC6-4148-8B51-38B4CF36AF0F}.Debug|Any CPU.ActiveCfg = Debug|Any CPU
		{D99CC0D5-DBC6-4148-8B51-38B4CF36AF0F}.Debug|Any CPU.Build.0 = Debug|Any CPU
		{D99CC0D5-DBC6-4148-8B51-38B4CF36AF0F}.Debug|x64.ActiveCfg = Debug|Any CPU
		{D99CC0D5-DBC6-4148-8B51-38B4CF36AF0F}.Debug|x64.Build.0 = Debug|Any CPU
		{D99CC0D5-DBC6-4148-8B51-38B4CF36AF0F}.Debug|x86.ActiveCfg = Debug|Any CPU
		{D99CC0D5-DBC6-4148-8B51-38B4CF36AF0F}.Debug|x86.Build.0 = Debug|Any CPU
		{D99CC0D5-DBC6-4148-8B51-38B4CF36AF0F}.Release|Any CPU.ActiveCfg = Release|Any CPU
		{D99CC0D5-DBC6-4148-8B51-38B4CF36AF0F}.Release|Any CPU.Build.0 = Release|Any CPU
		{D99CC0D5-DBC6-4148-8B51-38B4CF36AF0F}.Release|x64.ActiveCfg = Release|Any CPU
		{D99CC0D5-DBC6-4148-8B51-38B4CF36AF0F}.Release|x64.Build.0 = Release|Any CPU
		{D99CC0D5-DBC6-4148-8B51-38B4CF36AF0F}.Release|x86.ActiveCfg = Release|Any CPU
		{D99CC0D5-DBC6-4148-8B51-38B4CF36AF0F}.Release|x86.Build.0 = Release|Any CPU
	EndGlobalSection
	GlobalSection(SolutionProperties) = preSolution
		HideSolutionNode = FALSE
	EndGlobalSection
EndGlobal
