
Microsoft Visual Studio Solution File, Format Version 12.00
# Visual Studio Version 16
VisualStudioVersion = 16.6.30114.105
MinimumVisualStudioVersion = 10.0.40219.1
Project("{9A19103F-16F7-4668-BE54-9A1E7A4F7556}") = "R5T.D0107.Base", "R5T.D0107.Base\R5T.D0107.Base.csproj", "{3065E1B4-D56D-49A8-823E-7D5F8FA2B369}"
EndProject
Project("{2150E333-8FDC-42A3-9474-1A3956D46DE8}") = "_Dependencies", "_Dependencies", "{A7FC7A15-D666-46EE-A04B-5BB44BB520B2}"
EndProject
Project("{9A19103F-16F7-4668-BE54-9A1E7A4F7556}") = "R5T.D0107.I001", "R5T.D0107.I001\R5T.D0107.I001.csproj", "{7763C4B0-E02E-4EF2-9278-A482F67B8370}"
EndProject
Project("{9A19103F-16F7-4668-BE54-9A1E7A4F7556}") = "R5T.T0064", "..\..\R5T.T0064\source\R5T.T0064\R5T.T0064.csproj", "{52A21F8F-BF61-4F0C-BBA0-9D700FC1BAE8}"
EndProject
Project("{9A19103F-16F7-4668-BE54-9A1E7A4F7556}") = "R5T.T0062.X001", "..\..\R5T.T0062\source\R5T.T0062.X001\R5T.T0062.X001.csproj", "{0D30FAB5-FE44-4EC9-9C79-BF44A3466669}"
EndProject
Global
	GlobalSection(SolutionConfigurationPlatforms) = preSolution
		Debug|Any CPU = Debug|Any CPU
		Debug|x64 = Debug|x64
		Debug|x86 = Debug|x86
		Release|Any CPU = Release|Any CPU
		Release|x64 = Release|x64
		Release|x86 = Release|x86
	EndGlobalSection
	GlobalSection(ProjectConfigurationPlatforms) = postSolution
		{3065E1B4-D56D-49A8-823E-7D5F8FA2B369}.Debug|Any CPU.ActiveCfg = Debug|Any CPU
		{3065E1B4-D56D-49A8-823E-7D5F8FA2B369}.Debug|Any CPU.Build.0 = Debug|Any CPU
		{3065E1B4-D56D-49A8-823E-7D5F8FA2B369}.Debug|x64.ActiveCfg = Debug|Any CPU
		{3065E1B4-D56D-49A8-823E-7D5F8FA2B369}.Debug|x64.Build.0 = Debug|Any CPU
		{3065E1B4-D56D-49A8-823E-7D5F8FA2B369}.Debug|x86.ActiveCfg = Debug|Any CPU
		{3065E1B4-D56D-49A8-823E-7D5F8FA2B369}.Debug|x86.Build.0 = Debug|Any CPU
		{3065E1B4-D56D-49A8-823E-7D5F8FA2B369}.Release|Any CPU.ActiveCfg = Release|Any CPU
		{3065E1B4-D56D-49A8-823E-7D5F8FA2B369}.Release|Any CPU.Build.0 = Release|Any CPU
		{3065E1B4-D56D-49A8-823E-7D5F8FA2B369}.Release|x64.ActiveCfg = Release|Any CPU
		{3065E1B4-D56D-49A8-823E-7D5F8FA2B369}.Release|x64.Build.0 = Release|Any CPU
		{3065E1B4-D56D-49A8-823E-7D5F8FA2B369}.Release|x86.ActiveCfg = Release|Any CPU
		{3065E1B4-D56D-49A8-823E-7D5F8FA2B369}.Release|x86.Build.0 = Release|Any CPU
		{7763C4B0-E02E-4EF2-9278-A482F67B8370}.Debug|Any CPU.ActiveCfg = Debug|Any CPU
		{7763C4B0-E02E-4EF2-9278-A482F67B8370}.Debug|Any CPU.Build.0 = Debug|Any CPU
		{7763C4B0-E02E-4EF2-9278-A482F67B8370}.Debug|x64.ActiveCfg = Debug|Any CPU
		{7763C4B0-E02E-4EF2-9278-A482F67B8370}.Debug|x64.Build.0 = Debug|Any CPU
		{7763C4B0-E02E-4EF2-9278-A482F67B8370}.Debug|x86.ActiveCfg = Debug|Any CPU
		{7763C4B0-E02E-4EF2-9278-A482F67B8370}.Debug|x86.Build.0 = Debug|Any CPU
		{7763C4B0-E02E-4EF2-9278-A482F67B8370}.Release|Any CPU.ActiveCfg = Release|Any CPU
		{7763C4B0-E02E-4EF2-9278-A482F67B8370}.Release|Any CPU.Build.0 = Release|Any CPU
		{7763C4B0-E02E-4EF2-9278-A482F67B8370}.Release|x64.ActiveCfg = Release|Any CPU
		{7763C4B0-E02E-4EF2-9278-A482F67B8370}.Release|x64.Build.0 = Release|Any CPU
		{7763C4B0-E02E-4EF2-9278-A482F67B8370}.Release|x86.ActiveCfg = Release|Any CPU
		{7763C4B0-E02E-4EF2-9278-A482F67B8370}.Release|x86.Build.0 = Release|Any CPU
		{52A21F8F-BF61-4F0C-BBA0-9D700FC1BAE8}.Debug|Any CPU.ActiveCfg = Debug|Any CPU
		{52A21F8F-BF61-4F0C-BBA0-9D700FC1BAE8}.Debug|Any CPU.Build.0 = Debug|Any CPU
		{52A21F8F-BF61-4F0C-BBA0-9D700FC1BAE8}.Debug|x64.ActiveCfg = Debug|Any CPU
		{52A21F8F-BF61-4F0C-BBA0-9D700FC1BAE8}.Debug|x64.Build.0 = Debug|Any CPU
		{52A21F8F-BF61-4F0C-BBA0-9D700FC1BAE8}.Debug|x86.ActiveCfg = Debug|Any CPU
		{52A21F8F-BF61-4F0C-BBA0-9D700FC1BAE8}.Debug|x86.Build.0 = Debug|Any CPU
		{52A21F8F-BF61-4F0C-BBA0-9D700FC1BAE8}.Release|Any CPU.ActiveCfg = Release|Any CPU
		{52A21F8F-BF61-4F0C-BBA0-9D700FC1BAE8}.Release|Any CPU.Build.0 = Release|Any CPU
		{52A21F8F-BF61-4F0C-BBA0-9D700FC1BAE8}.Release|x64.ActiveCfg = Release|Any CPU
		{52A21F8F-BF61-4F0C-BBA0-9D700FC1BAE8}.Release|x64.Build.0 = Release|Any CPU
		{52A21F8F-BF61-4F0C-BBA0-9D700FC1BAE8}.Release|x86.ActiveCfg = Release|Any CPU
		{52A21F8F-BF61-4F0C-BBA0-9D700FC1BAE8}.Release|x86.Build.0 = Release|Any CPU
		{0D30FAB5-FE44-4EC9-9C79-BF44A3466669}.Debug|Any CPU.ActiveCfg = Debug|Any CPU
		{0D30FAB5-FE44-4EC9-9C79-BF44A3466669}.Debug|Any CPU.Build.0 = Debug|Any CPU
		{0D30FAB5-FE44-4EC9-9C79-BF44A3466669}.Debug|x64.ActiveCfg = Debug|Any CPU
		{0D30FAB5-FE44-4EC9-9C79-BF44A3466669}.Debug|x64.Build.0 = Debug|Any CPU
		{0D30FAB5-FE44-4EC9-9C79-BF44A3466669}.Debug|x86.ActiveCfg = Debug|Any CPU
		{0D30FAB5-FE44-4EC9-9C79-BF44A3466669}.Debug|x86.Build.0 = Debug|Any CPU
		{0D30FAB5-FE44-4EC9-9C79-BF44A3466669}.Release|Any CPU.ActiveCfg = Release|Any CPU
		{0D30FAB5-FE44-4EC9-9C79-BF44A3466669}.Release|Any CPU.Build.0 = Release|Any CPU
		{0D30FAB5-FE44-4EC9-9C79-BF44A3466669}.Release|x64.ActiveCfg = Release|Any CPU
		{0D30FAB5-FE44-4EC9-9C79-BF44A3466669}.Release|x64.Build.0 = Release|Any CPU
		{0D30FAB5-FE44-4EC9-9C79-BF44A3466669}.Release|x86.ActiveCfg = Release|Any CPU
		{0D30FAB5-FE44-4EC9-9C79-BF44A3466669}.Release|x86.Build.0 = Release|Any CPU
	EndGlobalSection
	GlobalSection(SolutionProperties) = preSolution
		HideSolutionNode = FALSE
	EndGlobalSection
	GlobalSection(NestedProjects) = preSolution
		{52A21F8F-BF61-4F0C-BBA0-9D700FC1BAE8} = {A7FC7A15-D666-46EE-A04B-5BB44BB520B2}
		{0D30FAB5-FE44-4EC9-9C79-BF44A3466669} = {A7FC7A15-D666-46EE-A04B-5BB44BB520B2}
	EndGlobalSection
	GlobalSection(ExtensibilityGlobals) = postSolution
		SolutionGuid = {47A1973E-A6B1-4480-B308-8173776AE5F7}
	EndGlobalSection
EndGlobal
